// !$*UTF8*$!
{
	archiveVersion = 1;
	classes = {
	};
	objectVersion = 46;
	objects = {

/* Begin PBXBuildFile section */
		367F2E0A1D364E4900FD1F00 /* AppDelegate.swift in Sources */ = {isa = PBXBuildFile; fileRef = 367F2E091D364E4900FD1F00 /* AppDelegate.swift */; };
		367F2E0C1D364E4900FD1F00 /* ViewController.swift in Sources */ = {isa = PBXBuildFile; fileRef = 367F2E0B1D364E4900FD1F00 /* ViewController.swift */; };
		367F2E0F1D364E4900FD1F00 /* Main.storyboard in Resources */ = {isa = PBXBuildFile; fileRef = 367F2E0D1D364E4900FD1F00 /* Main.storyboard */; };
		367F2E111D364E4900FD1F00 /* Assets.xcassets in Resources */ = {isa = PBXBuildFile; fileRef = 367F2E101D364E4900FD1F00 /* Assets.xcassets */; };
		36B9BC561D3652240026E8A5 /* Question1ViewController.swift in Sources */ = {isa = PBXBuildFile; fileRef = 36B9BC551D3652240026E8A5 /* Question1ViewController.swift */; };
		36B9BC581D365F560026E8A5 /* Question2ViewController.swift in Sources */ = {isa = PBXBuildFile; fileRef = 36B9BC571D365F560026E8A5 /* Question2ViewController.swift */; };
		36B9BC5A1D3663870026E8A5 /* Question3ViewController.swift in Sources */ = {isa = PBXBuildFile; fileRef = 36B9BC591D3663870026E8A5 /* Question3ViewController.swift */; };
		36B9BC5C1D3663930026E8A5 /* Question4ViewController.swift in Sources */ = {isa = PBXBuildFile; fileRef = 36B9BC5B1D3663930026E8A5 /* Question4ViewController.swift */; };
		36B9BC5E1D36639D0026E8A5 /* Question5ViewController.swift in Sources */ = {isa = PBXBuildFile; fileRef = 36B9BC5D1D36639D0026E8A5 /* Question5ViewController.swift */; };
		36B9BC601D36650D0026E8A5 /* ProvisionViewController.swift in Sources */ = {isa = PBXBuildFile; fileRef = 36B9BC5F1D36650D0026E8A5 /* ProvisionViewController.swift */; };
		36B9BC621D367DEB0026E8A5 /* WebKit.framework in Frameworks */ = {isa = PBXBuildFile; fileRef = 36B9BC611D367DEB0026E8A5 /* WebKit.framework */; };
		36F6E5781D48E74800C82862 /* QuestionBaseViewController.swift in Sources */ = {isa = PBXBuildFile; fileRef = 36F6E5771D48E74800C82862 /* QuestionBaseViewController.swift */; };
/* End PBXBuildFile section */

/* Begin PBXFileReference section */
		367F2E061D364E4900FD1F00 /* SecureBookmark.app */ = {isa = PBXFileReference; explicitFileType = wrapper.application; includeInIndex = 0; path = SecureBookmark.app; sourceTree = BUILT_PRODUCTS_DIR; };
		367F2E091D364E4900FD1F00 /* AppDelegate.swift */ = {isa = PBXFileReference; lastKnownFileType = sourcecode.swift; path = AppDelegate.swift; sourceTree = "<group>"; };
		367F2E0B1D364E4900FD1F00 /* ViewController.swift */ = {isa = PBXFileReference; lastKnownFileType = sourcecode.swift; path = ViewController.swift; sourceTree = "<group>"; };
		367F2E0E1D364E4900FD1F00 /* Base */ = {isa = PBXFileReference; lastKnownFileType = file.storyboard; name = Base; path = Base.lproj/Main.storyboard; sourceTree = "<group>"; };
		367F2E101D364E4900FD1F00 /* Assets.xcassets */ = {isa = PBXFileReference; lastKnownFileType = folder.assetcatalog; path = Assets.xcassets; sourceTree = "<group>"; };
		367F2E151D364E4900FD1F00 /* Info.plist */ = {isa = PBXFileReference; lastKnownFileType = text.plist.xml; path = Info.plist; sourceTree = "<group>"; };
		36B9BC551D3652240026E8A5 /* Question1ViewController.swift */ = {isa = PBXFileReference; fileEncoding = 4; lastKnownFileType = sourcecode.swift; path = Question1ViewController.swift; sourceTree = "<group>"; };
		36B9BC571D365F560026E8A5 /* Question2ViewController.swift */ = {isa = PBXFileReference; fileEncoding = 4; lastKnownFileType = sourcecode.swift; path = Question2ViewController.swift; sourceTree = "<group>"; };
		36B9BC591D3663870026E8A5 /* Question3ViewController.swift */ = {isa = PBXFileReference; fileEncoding = 4; lastKnownFileType = sourcecode.swift; path = Question3ViewController.swift; sourceTree = "<group>"; };
		36B9BC5B1D3663930026E8A5 /* Question4ViewController.swift */ = {isa = PBXFileReference; fileEncoding = 4; lastKnownFileType = sourcecode.swift; path = Question4ViewController.swift; sourceTree = "<group>"; };
		36B9BC5D1D36639D0026E8A5 /* Question5ViewController.swift */ = {isa = PBXFileReference; fileEncoding = 4; lastKnownFileType = sourcecode.swift; path = Question5ViewController.swift; sourceTree = "<group>"; };
		36B9BC5F1D36650D0026E8A5 /* ProvisionViewController.swift */ = {isa = PBXFileReference; fileEncoding = 4; lastKnownFileType = sourcecode.swift; path = ProvisionViewController.swift; sourceTree = "<group>"; };
		36B9BC611D367DEB0026E8A5 /* WebKit.framework */ = {isa = PBXFileReference; lastKnownFileType = wrapper.framework; name = WebKit.framework; path = System/Library/Frameworks/WebKit.framework; sourceTree = SDKROOT; };
		36F6E5771D48E74800C82862 /* QuestionBaseViewController.swift */ = {isa = PBXFileReference; fileEncoding = 4; lastKnownFileType = sourcecode.swift; path = QuestionBaseViewController.swift; sourceTree = "<group>"; };
/* End PBXFileReference section */

/* Begin PBXFrameworksBuildPhase section */
		367F2E031D364E4900FD1F00 /* Frameworks */ = {
			isa = PBXFrameworksBuildPhase;
			buildActionMask = 2147483647;
			files = (
				36B9BC621D367DEB0026E8A5 /* WebKit.framework in Frameworks */,
			);
			runOnlyForDeploymentPostprocessing = 0;
		};
/* End PBXFrameworksBuildPhase section */

/* Begin PBXGroup section */
		367F2DFD1D364E4900FD1F00 = {
			isa = PBXGroup;
			children = (
				36B9BC611D367DEB0026E8A5 /* WebKit.framework */,
				367F2E081D364E4900FD1F00 /* SecureBookmark */,
				367F2E071D364E4900FD1F00 /* Products */,
			);
			sourceTree = "<group>";
		};
		367F2E071D364E4900FD1F00 /* Products */ = {
			isa = PBXGroup;
			children = (
				367F2E061D364E4900FD1F00 /* SecureBookmark.app */,
			);
			name = Products;
			sourceTree = "<group>";
		};
		367F2E081D364E4900FD1F00 /* SecureBookmark */ = {
			isa = PBXGroup;
			children = (
				367F2E091D364E4900FD1F00 /* AppDelegate.swift */,
				367F2E0B1D364E4900FD1F00 /* ViewController.swift */,
				36F6E5771D48E74800C82862 /* QuestionBaseViewController.swift */,
				36B9BC551D3652240026E8A5 /* Question1ViewController.swift */,
				36B9BC571D365F560026E8A5 /* Question2ViewController.swift */,
				36B9BC591D3663870026E8A5 /* Question3ViewController.swift */,
				36B9BC5B1D3663930026E8A5 /* Question4ViewController.swift */,
				36B9BC5D1D36639D0026E8A5 /* Question5ViewController.swift */,
				36B9BC5F1D36650D0026E8A5 /* ProvisionViewController.swift */,
				367F2E0D1D364E4900FD1F00 /* Main.storyboard */,
				367F2E101D364E4900FD1F00 /* Assets.xcassets */,
				367F2E151D364E4900FD1F00 /* Info.plist */,
			);
			path = SecureBookmark;
			sourceTree = "<group>";
		};
/* End PBXGroup section */

/* Begin PBXNativeTarget section */
		367F2E051D364E4900FD1F00 /* SecureBookmark */ = {
			isa = PBXNativeTarget;
			buildConfigurationList = 367F2E181D364E4900FD1F00 /* Build configuration list for PBXNativeTarget "SecureBookmark" */;
			buildPhases = (
				367F2E021D364E4900FD1F00 /* Sources */,
				367F2E031D364E4900FD1F00 /* Frameworks */,
				367F2E041D364E4900FD1F00 /* Resources */,
			);
			buildRules = (
			);
			dependencies = (
			);
			name = SecureBookmark;
			productName = SecureBookmark;
			productReference = 367F2E061D364E4900FD1F00 /* SecureBookmark.app */;
			productType = "com.apple.product-type.application";
		};
/* End PBXNativeTarget section */

/* Begin PBXProject section */
		367F2DFE1D364E4900FD1F00 /* Project object */ = {
			isa = PBXProject;
			attributes = {
				LastSwiftUpdateCheck = 0730;
				LastUpgradeCheck = 0730;
				ORGANIZATIONNAME = seccamp2016;
				TargetAttributes = {
					367F2E051D364E4900FD1F00 = {
						CreatedOnToolsVersion = 7.3;
						DevelopmentTeam = 4M5BTA632P;
					};
				};
			};
			buildConfigurationList = 367F2E011D364E4900FD1F00 /* Build configuration list for PBXProject "SecureBookmark" */;
			compatibilityVersion = "Xcode 3.2";
			developmentRegion = English;
			hasScannedForEncodings = 0;
			knownRegions = (
				en,
				Base,
			);
			mainGroup = 367F2DFD1D364E4900FD1F00;
			productRefGroup = 367F2E071D364E4900FD1F00 /* Products */;
			projectDirPath = "";
			projectRoot = "";
			targets = (
				367F2E051D364E4900FD1F00 /* SecureBookmark */,
			);
		};
/* End PBXProject section */

/* Begin PBXResourcesBuildPhase section */
		367F2E041D364E4900FD1F00 /* Resources */ = {
			isa = PBXResourcesBuildPhase;
			buildActionMask = 2147483647;
			files = (
				367F2E111D364E4900FD1F00 /* Assets.xcassets in Resources */,
				367F2E0F1D364E4900FD1F00 /* Main.storyboard in Resources */,
			);
			runOnlyForDeploymentPostprocessing = 0;
		};
/* End PBXResourcesBuildPhase section */

/* Begin PBXSourcesBuildPhase section */
		367F2E021D364E4900FD1F00 /* Sources */ = {
			isa = PBXSourcesBuildPhase;
			buildActionMask = 2147483647;
			files = (
				36B9BC561D3652240026E8A5 /* Question1ViewController.swift in Sources */,
				36B9BC5E1D36639D0026E8A5 /* Question5ViewController.swift in Sources */,
				36B9BC581D365F560026E8A5 /* Question2ViewController.swift in Sources */,
				367F2E0C1D364E4900FD1F00 /* ViewController.swift in Sources */,
				36B9BC5A1D3663870026E8A5 /* Question3ViewController.swift in Sources */,
				36B9BC601D36650D0026E8A5 /* ProvisionViewController.swift in Sources */,
				367F2E0A1D364E4900FD1F00 /* AppDelegate.swift in Sources */,
				36F6E5781D48E74800C82862 /* QuestionBaseViewController.swift in Sources */,
				36B9BC5C1D3663930026E8A5 /* Question4ViewController.swift in Sources */,
			);
			runOnlyForDeploymentPostprocessing = 0;
		};
/* End PBXSourcesBuildPhase section */

/* Begin PBXVariantGroup section */
		367F2E0D1D364E4900FD1F00 /* Main.storyboard */ = {
			isa = PBXVariantGroup;
			children = (
				367F2E0E1D364E4900FD1F00 /* Base */,
			);
			name = Main.storyboard;
			sourceTree = "<group>";
		};
/* End PBXVariantGroup section */

/* Begin XCBuildConfiguration section */
		367F2E161D364E4900FD1F00 /* Debug */ = {
			isa = XCBuildConfiguration;
			buildSettings = {
				ALWAYS_SEARCH_USER_PATHS = NO;
				CLANG_ANALYZER_NONNULL = YES;
				CLANG_CXX_LANGUAGE_STANDARD = "gnu++0x";
				CLANG_CXX_LIBRARY = "libc++";
				CLANG_ENABLE_MODULES = YES;
				CLANG_ENABLE_OBJC_ARC = YES;
				CLANG_WARN_BOOL_CONVERSION = YES;
				CLANG_WARN_CONSTANT_CONVERSION = YES;
				CLANG_WARN_DIRECT_OBJC_ISA_USAGE = YES_ERROR;
				CLANG_WARN_EMPTY_BODY = YES;
				CLANG_WARN_ENUM_CONVERSION = YES;
				CLANG_WARN_INT_CONVERSION = YES;
				CLANG_WARN_OBJC_ROOT_CLASS = YES_ERROR;
				CLANG_WARN_UNREACHABLE_CODE = YES;
				CLANG_WARN__DUPLICATE_METHOD_MATCH = YES;
				"CODE_SIGN_IDENTITY[sdk=iphoneos*]" = "iPhone Developer";
				COPY_PHASE_STRIP = NO;
				DEBUG_INFORMATION_FORMAT = dwarf;
				ENABLE_STRICT_OBJC_MSGSEND = YES;
				ENABLE_TESTABILITY = YES;
				GCC_C_LANGUAGE_STANDARD = gnu99;
				GCC_DYNAMIC_NO_PIC = NO;
				GCC_NO_COMMON_BLOCKS = YES;
				GCC_OPTIMIZATION_LEVEL = 0;
				GCC_PREPROCESSOR_DEFINITIONS = (
					"DEBUG=1",
					"$(inherited)",
				);
				GCC_WARN_64_TO_32_BIT_CONVERSION = YES;
				GCC_WARN_ABOUT_RETURN_TYPE = YES_ERROR;
				GCC_WARN_UNDECLARED_SELECTOR = YES;
				GCC_WARN_UNINITIALIZED_AUTOS = YES_AGGRESSIVE;
				GCC_WARN_UNUSED_FUNCTION = YES;
				GCC_WARN_UNUSED_VARIABLE = YES;
				IPHONEOS_DEPLOYMENT_TARGET = 9.3;
				MTL_ENABLE_DEBUG_INFO = YES;
				ONLY_ACTIVE_ARCH = YES;
				SDKROOT = iphoneos;
				SWIFT_OPTIMIZATION_LEVEL = "-Onone";
			};
			name = Debug;
		};
		367F2E171D364E4900FD1F00 /* Release */ = {
			isa = XCBuildConfiguration;
			buildSettings = {
				ALWAYS_SEARCH_USER_PATHS = NO;
				CLANG_ANALYZER_NONNULL = YES;
				CLANG_CXX_LANGUAGE_STANDARD = "gnu++0x";
				CLANG_CXX_LIBRARY = "libc++";
				CLANG_ENABLE_MODULES = YES;
				CLANG_ENABLE_OBJC_ARC = YES;
				CLANG_WARN_BOOL_CONVERSION = YES;
				CLANG_WARN_CONSTANT_CONVERSION = YES;
				CLANG_WARN_DIRECT_OBJC_ISA_USAGE = YES_ERROR;
				CLANG_WARN_EMPTY_BODY = YES;
				CLANG_WARN_ENUM_CONVERSION = YES;
				CLANG_WARN_INT_CONVERSION = YES;
				CLANG_WARN_OBJC_ROOT_CLASS = YES_ERROR;
				CLANG_WARN_UNREACHABLE_CODE = YES;
				CLANG_WARN__DUPLICATE_METHOD_MATCH = YES;
				"CODE_SIGN_IDENTITY[sdk=iphoneos*]" = "iPhone Developer";
				COPY_PHASE_STRIP = NO;
				DEBUG_INFORMATION_FORMAT = "dwarf-with-dsym";
				ENABLE_NS_ASSERTIONS = NO;
				ENABLE_STRICT_OBJC_MSGSEND = YES;
				GCC_C_LANGUAGE_STANDARD = gnu99;
				GCC_NO_COMMON_BLOCKS = YES;
				GCC_WARN_64_TO_32_BIT_CONVERSION = YES;
				GCC_WARN_ABOUT_RETURN_TYPE = YES_ERROR;
				GCC_WARN_UNDECLARED_SELECTOR = YES;
				GCC_WARN_UNINITIALIZED_AUTOS = YES_AGGRESSIVE;
				GCC_WARN_UNUSED_FUNCTION = YES;
				GCC_WARN_UNUSED_VARIABLE = YES;
				IPHONEOS_DEPLOYMENT_TARGET = 9.3;
				MTL_ENABLE_DEBUG_INFO = NO;
				SDKROOT = iphoneos;
				VALIDATE_PRODUCT = YES;
			};
			name = Release;
		};
		367F2E191D364E4900FD1F00 /* Debug */ = {
			isa = XCBuildConfiguration;
			buildSettings = {
				ASSETCATALOG_COMPILER_APPICON_NAME = AppIcon;
				INFOPLIST_FILE = SecureBookmark/Info.plist;
				IPHONEOS_DEPLOYMENT_TARGET = 9.0;
				LD_RUNPATH_SEARCH_PATHS = "$(inherited) @executable_path/Frameworks";
				PRODUCT_BUNDLE_IDENTIFIER = jp.csrf.seccamp2016.SecureBookmark;
				PRODUCT_NAME = "$(TARGET_NAME)";
				TARGETED_DEVICE_FAMILY = "1,2";
			};
			name = Debug;
		};
		367F2E1A1D364E4900FD1F00 /* Release */ = {
			isa = XCBuildConfiguration;
			buildSettings = {
				ASSETCATALOG_COMPILER_APPICON_NAME = AppIcon;
				INFOPLIST_FILE = SecureBookmark/Info.plist;
				IPHONEOS_DEPLOYMENT_TARGET = 9.0;
				LD_RUNPATH_SEARCH_PATHS = "$(inherited) @executable_path/Frameworks";
				PRODUCT_BUNDLE_IDENTIFIER = jp.csrf.seccamp2016.SecureBookmark;
				PRODUCT_NAME = "$(TARGET_NAME)";
				TARGETED_DEVICE_FAMILY = "1,2";
			};
			name = Release;
		};
/* End XCBuildConfiguration section */

/* Begin XCConfigurationList section */
		367F2E011D364E4900FD1F00 /* Build configuration list for PBXProject "SecureBookmark" */ = {
			isa = XCConfigurationList;
			buildConfigurations = (
				367F2E161D364E4900FD1F00 /* Debug */,
				367F2E171D364E4900FD1F00 /* Release */,
			);
			defaultConfigurationIsVisible = 0;
			defaultConfigurationName = Release;
		};
		367F2E181D364E4900FD1F00 /* Build configuration list for PBXNativeTarget "SecureBookmark" */ = {
			isa = XCConfigurationList;
			buildConfigurations = (
				367F2E191D364E4900FD1F00 /* Debug */,
				367F2E1A1D364E4900FD1F00 /* Release */,
			);
			defaultConfigurationIsVisible = 0;
			defaultConfigurationName = Release;
		};
/* End XCConfigurationList section */
	};
	rootObject = 367F2DFE1D364E4900FD1F00 /* Project object */;
}
